<?xml version="1.0" encoding="utf-8"?>
<Project ToolsVersion="4.0" xmlns="http://schemas.microsoft.com/developer/msbuild/2003">
  <ItemGroup>
    <ClCompile Include="src\Audio.cpp" />
    <ClCompile Include="src\Cannibal.cpp" />
    <ClCompile Include="src\CombatSystem.cpp" />
    <ClCompile Include="src\CombatUI.cpp" />
    <ClCompile Include="src\DialogueSystem.cpp" />
    <ClCompile Include="src\DialogueTree.cpp" />
    <ClCompile Include="src\Enemy.cpp" />
    <ClCompile Include="src\Engine.cpp" />
    <ClCompile Include="src\EntityManager.cpp" />
    <ClCompile Include="src\FadeManager.cpp" />
    <ClCompile Include="src\Fighter.cpp" />
    <ClCompile Include="src\GuiControlButton.cpp" />
    <ClCompile Include="src\GuiManager.cpp" />
    <ClCompile Include="src\Input.cpp" />
    <ClCompile Include="src\IntroScene.cpp" />
    <ClCompile Include="src\Item.cpp" />
    <ClCompile Include="src\Log.cpp" />
    <ClCompile Include="src\MainMenu.cpp" />
    <ClCompile Include="src\Map.cpp" />
    <ClCompile Include="src\Narcissist.cpp" />
    <ClCompile Include="src\NPC.cpp" />
    <ClCompile Include="src\Pathfinding.cpp" />
    <ClCompile Include="src\PauseMenu.cpp" />
    <ClCompile Include="src\PerfTimer.cpp" />
    <ClCompile Include="src\Physics.cpp" />
    <ClCompile Include="src\PlatformGame.cpp" />
    <ClCompile Include="src\Player.cpp" />
    <ClCompile Include="src\Render.cpp" />
    <ClCompile Include="src\Scene.cpp" />
    <ClCompile Include="src\Textures.cpp" />
    <ClCompile Include="src\Timer.cpp" />
    <ClCompile Include="src\Vector2D.cpp" />
    <ClCompile Include="src\Window.cpp" />
    <ClCompile Include="src\PuzzleManager.cpp" />
    <ClCompile Include="src\TreePuzzle.cpp" />
    <ClCompile Include="src\SettingsMenu.cpp" />
    <ClCompile Include="src\GuiControlSlider.cpp" />
    <ClCompile Include="src\GuiControlToggle.cpp" />
    <ClCompile Include="src\Inventory.cpp" />
    <ClCompile Include="src\TreeBoss.cpp" />
  </ItemGroup>
  <ItemGroup>
    <ClInclude Include="src\CombatUI.h" />
    <ClInclude Include="src\FadeManager.h" />
    <ClInclude Include="src\Cannibal.h" />
    <ClInclude Include="src\CombatStats.h" />
    <ClInclude Include="src\CombatSystem.h" />
    <ClInclude Include="src\Defs.h" />
    <ClInclude Include="src\DialogueSystem.h" />
    <ClInclude Include="src\DialogueTree.h" />
    <ClInclude Include="src\Animation.h" />
    <ClInclude Include="src\Audio.h" />
    <ClInclude Include="src\Enemy.h" />
    <ClInclude Include="src\Engine.h" />
    <ClInclude Include="src\Entity.h" />
    <ClInclude Include="src\EntityManager.h" />
    <ClInclude Include="src\Fighter.h" />
    <ClInclude Include="src\GuiControl.h" />
    <ClInclude Include="src\GuiControlButton.h" />
    <ClInclude Include="src\GuiManager.h" />
    <ClInclude Include="src\Input.h" />
    <ClInclude Include="src\IntroScene.h" />
    <ClInclude Include="src\Item.h" />
    <ClInclude Include="src\List.h" />
    <ClInclude Include="src\Log.h" />
    <ClInclude Include="src\MainMenu.h" />
    <ClInclude Include="src\Map.h" />
    <ClInclude Include="src\Module.h" />
    <ClInclude Include="src\Narcissist.h" />
    <ClInclude Include="src\NPC.h" />
    <ClInclude Include="src\Pathfinding.h" />
    <ClInclude Include="src\PauseMenu.h" />
    <ClInclude Include="src\PerfTimer.h" />
    <ClInclude Include="src\Physics.h" />
    <ClInclude Include="src\Player.h" />
    <ClInclude Include="src\Render.h" />
    <ClInclude Include="src\Scene.h" />
    <ClInclude Include="src\Textures.h" />
    <ClInclude Include="src\Timer.h" />
    <ClInclude Include="src\Vector2D.h" />
    <ClInclude Include="src\Window.h" />
    <ClInclude Include="src\SString.h" />
    <ClInclude Include="src\PuzzleManager.h" />
    <ClInclude Include="src\TreePuzzle.h" />
    <ClInclude Include="src\SettingsMenu.h" />
    <ClInclude Include="src\GuiControlSlider.h" />
    <ClInclude Include="src\GuiControlToggle.h" />
    <ClInclude Include="src\Inventory.h" />
    <ClInclude Include="src\TreeBoss.h" />
  </ItemGroup>
  <ItemGroup>
    <Xml Include="config.xml" />
  </ItemGroup>
  <ItemGroup>
    <None Include=".gitignore" />
    <None Include="vcpkg-configuration.json" />
    <None Include="vcpkg.json" />
  </ItemGroup>
</Project>